// !$*UTF8*$!
{
	archiveVersion = 1;
	classes = {
	};
	objectVersion = 50;
	objects = {

/* Begin PBXBuildFile section */
		A486C41324F7F6A50085BC58 /* SettingsViewController.swift in Sources */ = {isa = PBXBuildFile; fileRef = A486C41224F7F6A50085BC58 /* SettingsViewController.swift */; };
		A486C41524F7F6AF0085BC58 /* SettingsViewModel.swift in Sources */ = {isa = PBXBuildFile; fileRef = A486C41424F7F6AF0085BC58 /* SettingsViewModel.swift */; };
		A4BD58C924EC9A9F004F38FB /* MainViewModel.swift in Sources */ = {isa = PBXBuildFile; fileRef = A4BD58C824EC9A9F004F38FB /* MainViewModel.swift */; };
		F214C92C24F6AE6700170DA8 /* HistoryViewModel.swift in Sources */ = {isa = PBXBuildFile; fileRef = F214C92B24F6AE6700170DA8 /* HistoryViewModel.swift */; };
		F214C92E24F6AFC600170DA8 /* HistoryModel.swift in Sources */ = {isa = PBXBuildFile; fileRef = F214C92D24F6AFC600170DA8 /* HistoryModel.swift */; };
		F2625D6C24E5FE5000ABBA88 /* SceneDelegate.swift in Sources */ = {isa = PBXBuildFile; fileRef = F2625D6B24E5FE5000ABBA88 /* SceneDelegate.swift */; };
		F2625D7024E5FE5500ABBA88 /* Assets.xcassets in Resources */ = {isa = PBXBuildFile; fileRef = F2625D6F24E5FE5500ABBA88 /* Assets.xcassets */; };
		F2625D7324E5FE5500ABBA88 /* Preview Assets.xcassets in Resources */ = {isa = PBXBuildFile; fileRef = F2625D7224E5FE5500ABBA88 /* Preview Assets.xcassets */; };
		F2625D7624E5FE5500ABBA88 /* LaunchScreen.storyboard in Resources */ = {isa = PBXBuildFile; fileRef = F2625D7424E5FE5500ABBA88 /* LaunchScreen.storyboard */; };
		F2625D7E24E5FF3200ABBA88 /* MainViewController.swift in Sources */ = {isa = PBXBuildFile; fileRef = F2625D7D24E5FF3200ABBA88 /* MainViewController.swift */; };
		F271FC3024F6A89900011DD1 /* HistoryViewController.swift in Sources */ = {isa = PBXBuildFile; fileRef = F271FC2F24F6A89900011DD1 /* HistoryViewController.swift */; };
		F2B96B5E24E755C000AD118B /* AutoLayoutPropertyWrapper.swift in Sources */ = {isa = PBXBuildFile; fileRef = F2B96B5D24E755C000AD118B /* AutoLayoutPropertyWrapper.swift */; };
		F2B99ED325091D5A0005D9B4 /* MLManager.swift in Sources */ = {isa = PBXBuildFile; fileRef = F2B99ED225091D5A0005D9B4 /* MLManager.swift */; };
		F2B99ED4250920430005D9B4 /* AppDelegate.swift in Sources */ = {isa = PBXBuildFile; fileRef = F2625D6924E5FE5000ABBA88 /* AppDelegate.swift */; };
		F2B99ED5250920470005D9B4 /* Sentiment.swift in Sources */ = {isa = PBXBuildFile; fileRef = A4BD58CA24EC9BC7004F38FB /* Sentiment.swift */; };
/* End PBXBuildFile section */

/* Begin PBXFileReference section */
		A486C41224F7F6A50085BC58 /* SettingsViewController.swift */ = {isa = PBXFileReference; lastKnownFileType = sourcecode.swift; path = SettingsViewController.swift; sourceTree = "<group>"; };
		A486C41424F7F6AF0085BC58 /* SettingsViewModel.swift */ = {isa = PBXFileReference; lastKnownFileType = sourcecode.swift; path = SettingsViewModel.swift; sourceTree = "<group>"; };
		A4BD58C824EC9A9F004F38FB /* MainViewModel.swift */ = {isa = PBXFileReference; lastKnownFileType = sourcecode.swift; path = MainViewModel.swift; sourceTree = "<group>"; };
		A4BD58CA24EC9BC7004F38FB /* Sentiment.swift */ = {isa = PBXFileReference; lastKnownFileType = sourcecode.swift; path = Sentiment.swift; sourceTree = "<group>"; };
		F214C92B24F6AE6700170DA8 /* HistoryViewModel.swift */ = {isa = PBXFileReference; lastKnownFileType = sourcecode.swift; path = HistoryViewModel.swift; sourceTree = "<group>"; };
		F214C92D24F6AFC600170DA8 /* HistoryModel.swift */ = {isa = PBXFileReference; lastKnownFileType = sourcecode.swift; path = HistoryModel.swift; sourceTree = "<group>"; };
		F2625D6624E5FE5000ABBA88 /* Coremelysis.app */ = {isa = PBXFileReference; explicitFileType = wrapper.application; includeInIndex = 0; path = Coremelysis.app; sourceTree = BUILT_PRODUCTS_DIR; };
		F2625D6924E5FE5000ABBA88 /* AppDelegate.swift */ = {isa = PBXFileReference; lastKnownFileType = sourcecode.swift; path = AppDelegate.swift; sourceTree = "<group>"; };
		F2625D6B24E5FE5000ABBA88 /* SceneDelegate.swift */ = {isa = PBXFileReference; lastKnownFileType = sourcecode.swift; path = SceneDelegate.swift; sourceTree = "<group>"; };
		F2625D6F24E5FE5500ABBA88 /* Assets.xcassets */ = {isa = PBXFileReference; lastKnownFileType = folder.assetcatalog; path = Assets.xcassets; sourceTree = "<group>"; };
		F2625D7224E5FE5500ABBA88 /* Preview Assets.xcassets */ = {isa = PBXFileReference; lastKnownFileType = folder.assetcatalog; path = "Preview Assets.xcassets"; sourceTree = "<group>"; };
		F2625D7524E5FE5500ABBA88 /* Base */ = {isa = PBXFileReference; lastKnownFileType = file.storyboard; name = Base; path = Base.lproj/LaunchScreen.storyboard; sourceTree = "<group>"; };
		F2625D7724E5FE5500ABBA88 /* Info.plist */ = {isa = PBXFileReference; lastKnownFileType = text.plist.xml; path = Info.plist; sourceTree = "<group>"; };
		F2625D7D24E5FF3200ABBA88 /* MainViewController.swift */ = {isa = PBXFileReference; lastKnownFileType = sourcecode.swift; path = MainViewController.swift; sourceTree = "<group>"; };
		F271FC2F24F6A89900011DD1 /* HistoryViewController.swift */ = {isa = PBXFileReference; lastKnownFileType = sourcecode.swift; path = HistoryViewController.swift; sourceTree = "<group>"; };
		F2B96B5D24E755C000AD118B /* AutoLayoutPropertyWrapper.swift */ = {isa = PBXFileReference; lastKnownFileType = sourcecode.swift; path = AutoLayoutPropertyWrapper.swift; sourceTree = "<group>"; };
		F2B99ED225091D5A0005D9B4 /* MLManager.swift */ = {isa = PBXFileReference; lastKnownFileType = sourcecode.swift; path = MLManager.swift; sourceTree = "<group>"; };
/* End PBXFileReference section */

/* Begin PBXFrameworksBuildPhase section */
		F2625D6324E5FE5000ABBA88 /* Frameworks */ = {
			isa = PBXFrameworksBuildPhase;
			buildActionMask = 2147483647;
			files = (
			);
			runOnlyForDeploymentPostprocessing = 0;
		};
/* End PBXFrameworksBuildPhase section */

/* Begin PBXGroup section */
		A486C41124F7F68F0085BC58 /* SettingsView */ = {
			isa = PBXGroup;
			children = (
				A486C41224F7F6A50085BC58 /* SettingsViewController.swift */,
				A486C41424F7F6AF0085BC58 /* SettingsViewModel.swift */,
			);
			path = SettingsView;
			sourceTree = "<group>";
		};
		F2625D5D24E5FE5000ABBA88 = {
			isa = PBXGroup;
			children = (
				F2625D6824E5FE5000ABBA88 /* Coremelysis */,
				F2625D6724E5FE5000ABBA88 /* Products */,
			);
			sourceTree = "<group>";
		};
		F2625D6724E5FE5000ABBA88 /* Products */ = {
			isa = PBXGroup;
			children = (
				F2625D6624E5FE5000ABBA88 /* Coremelysis.app */,
			);
			name = Products;
			sourceTree = "<group>";
		};
		F2625D6824E5FE5000ABBA88 /* Coremelysis */ = {
			isa = PBXGroup;
			children = (
				F2625D6924E5FE5000ABBA88 /* AppDelegate.swift */,
				F2625D6B24E5FE5000ABBA88 /* SceneDelegate.swift */,
				A486C41124F7F68F0085BC58 /* SettingsView */,
				F271FC3124F6A8BD00011DD1 /* HistoryView */,
				F271FC2B24F6A7F800011DD1 /* MainView */,
				F2B99ED125091CFA0005D9B4 /* MachineLearning */,
				F271FC2D24F6A84400011DD1 /* Enums */,
				F271FC2E24F6A84B00011DD1 /* Property Wrappers */,
				F271FC2C24F6A82A00011DD1 /* Resources */,
				F2625D7124E5FE5500ABBA88 /* Preview Content */,
			);
			path = Coremelysis;
			sourceTree = "<group>";
		};
		F2625D7124E5FE5500ABBA88 /* Preview Content */ = {
			isa = PBXGroup;
			children = (
				F2625D7224E5FE5500ABBA88 /* Preview Assets.xcassets */,
			);
			path = "Preview Content";
			sourceTree = "<group>";
		};
		F271FC2B24F6A7F800011DD1 /* MainView */ = {
			isa = PBXGroup;
			children = (
				F2625D7D24E5FF3200ABBA88 /* MainViewController.swift */,
				A4BD58C824EC9A9F004F38FB /* MainViewModel.swift */,
			);
			path = MainView;
			sourceTree = "<group>";
		};
		F271FC2C24F6A82A00011DD1 /* Resources */ = {
			isa = PBXGroup;
			children = (
				F2625D6F24E5FE5500ABBA88 /* Assets.xcassets */,
				F2625D7424E5FE5500ABBA88 /* LaunchScreen.storyboard */,
				F2625D7724E5FE5500ABBA88 /* Info.plist */,
			);
			path = Resources;
			sourceTree = "<group>";
		};
		F271FC2D24F6A84400011DD1 /* Enums */ = {
			isa = PBXGroup;
			children = (
				A4BD58CA24EC9BC7004F38FB /* Sentiment.swift */,
			);
			path = Enums;
			sourceTree = "<group>";
		};
		F271FC2E24F6A84B00011DD1 /* Property Wrappers */ = {
			isa = PBXGroup;
			children = (
				F2B96B5D24E755C000AD118B /* AutoLayoutPropertyWrapper.swift */,
			);
			path = "Property Wrappers";
			sourceTree = "<group>";
		};
		F271FC3124F6A8BD00011DD1 /* HistoryView */ = {
			isa = PBXGroup;
			children = (
				F271FC2F24F6A89900011DD1 /* HistoryViewController.swift */,
				F214C92B24F6AE6700170DA8 /* HistoryViewModel.swift */,
				F214C92D24F6AFC600170DA8 /* HistoryModel.swift */,
			);
			path = HistoryView;
			sourceTree = "<group>";
		};
		F2B99ED125091CFA0005D9B4 /* MachineLearning */ = {
			isa = PBXGroup;
			children = (
				F2B99ED225091D5A0005D9B4 /* MLManager.swift */,
			);
			path = MachineLearning;
			sourceTree = "<group>";
		};
/* End PBXGroup section */

/* Begin PBXNativeTarget section */
		F2625D6524E5FE5000ABBA88 /* Coremelysis */ = {
			isa = PBXNativeTarget;
			buildConfigurationList = F2625D7A24E5FE5500ABBA88 /* Build configuration list for PBXNativeTarget "Coremelysis" */;
			buildPhases = (
				F2625D6224E5FE5000ABBA88 /* Sources */,
				F2625D6324E5FE5000ABBA88 /* Frameworks */,
				F2625D6424E5FE5000ABBA88 /* Resources */,
				F2B99ED62509211E0005D9B4 /* Run SwiftLint */,
			);
			buildRules = (
			);
			dependencies = (
			);
			name = Coremelysis;
			productName = Coremelysis;
			productReference = F2625D6624E5FE5000ABBA88 /* Coremelysis.app */;
			productType = "com.apple.product-type.application";
		};
/* End PBXNativeTarget section */

/* Begin PBXProject section */
		F2625D5E24E5FE5000ABBA88 /* Project object */ = {
			isa = PBXProject;
			attributes = {
				LastSwiftUpdateCheck = 1160;
				LastUpgradeCheck = 1160;
				ORGANIZATIONNAME = "Rafael Galdino";
				TargetAttributes = {
					F2625D6524E5FE5000ABBA88 = {
						CreatedOnToolsVersion = 11.6;
					};
				};
			};
			buildConfigurationList = F2625D6124E5FE5000ABBA88 /* Build configuration list for PBXProject "Coremelysis" */;
			compatibilityVersion = "Xcode 9.3";
			developmentRegion = en;
			hasScannedForEncodings = 0;
			knownRegions = (
				en,
				Base,
			);
			mainGroup = F2625D5D24E5FE5000ABBA88;
			productRefGroup = F2625D6724E5FE5000ABBA88 /* Products */;
			projectDirPath = "";
			projectRoot = "";
			targets = (
				F2625D6524E5FE5000ABBA88 /* Coremelysis */,
			);
		};
/* End PBXProject section */

/* Begin PBXResourcesBuildPhase section */
		F2625D6424E5FE5000ABBA88 /* Resources */ = {
			isa = PBXResourcesBuildPhase;
			buildActionMask = 2147483647;
			files = (
				F2625D7624E5FE5500ABBA88 /* LaunchScreen.storyboard in Resources */,
				F2625D7324E5FE5500ABBA88 /* Preview Assets.xcassets in Resources */,
				F2625D7024E5FE5500ABBA88 /* Assets.xcassets in Resources */,
			);
			runOnlyForDeploymentPostprocessing = 0;
		};
/* End PBXResourcesBuildPhase section */

/* Begin PBXShellScriptBuildPhase section */
		F2B99ED62509211E0005D9B4 /* Run SwiftLint */ = {
			isa = PBXShellScriptBuildPhase;
			buildActionMask = 2147483647;
			files = (
			);
			inputFileListPaths = (
			);
			inputPaths = (
			);
			name = "Run SwiftLint";
			outputFileListPaths = (
			);
			outputPaths = (
			);
			runOnlyForDeploymentPostprocessing = 0;
			shellPath = /bin/sh;
			shellScript = "if which swiftlint >/dev/null; then\n  swiftlint\nelse\n  echo \"warning: SwiftLint not installed, download from https://github.com/realm/SwiftLint\"\nfi\n";
		};
/* End PBXShellScriptBuildPhase section */

/* Begin PBXSourcesBuildPhase section */
		F2625D6224E5FE5000ABBA88 /* Sources */ = {
			isa = PBXSourcesBuildPhase;
			buildActionMask = 2147483647;
			files = (
				F2B99ED5250920470005D9B4 /* Sentiment.swift in Sources */,
				F2B99ED4250920430005D9B4 /* AppDelegate.swift in Sources */,
				A4BD58C924EC9A9F004F38FB /* MainViewModel.swift in Sources */,
				F214C92E24F6AFC600170DA8 /* HistoryModel.swift in Sources */,
				A486C41324F7F6A50085BC58 /* SettingsViewController.swift in Sources */,
				F2625D6C24E5FE5000ABBA88 /* SceneDelegate.swift in Sources */,
				F2B99ED325091D5A0005D9B4 /* MLManager.swift in Sources */,
				F2625D7E24E5FF3200ABBA88 /* MainViewController.swift in Sources */,
				F271FC3024F6A89900011DD1 /* HistoryViewController.swift in Sources */,
				A486C41524F7F6AF0085BC58 /* SettingsViewModel.swift in Sources */,
				F2B96B5E24E755C000AD118B /* AutoLayoutPropertyWrapper.swift in Sources */,
				F214C92C24F6AE6700170DA8 /* HistoryViewModel.swift in Sources */,
			);
			runOnlyForDeploymentPostprocessing = 0;
		};
/* End PBXSourcesBuildPhase section */

/* Begin PBXVariantGroup section */
		F2625D7424E5FE5500ABBA88 /* LaunchScreen.storyboard */ = {
			isa = PBXVariantGroup;
			children = (
				F2625D7524E5FE5500ABBA88 /* Base */,
			);
			name = LaunchScreen.storyboard;
			sourceTree = "<group>";
		};
/* End PBXVariantGroup section */

/* Begin XCBuildConfiguration section */
		F2625D7824E5FE5500ABBA88 /* Debug */ = {
			isa = XCBuildConfiguration;
			buildSettings = {
				ALWAYS_SEARCH_USER_PATHS = NO;
				CLANG_ANALYZER_NONNULL = YES;
				CLANG_ANALYZER_NUMBER_OBJECT_CONVERSION = YES_AGGRESSIVE;
				CLANG_CXX_LANGUAGE_STANDARD = "gnu++14";
				CLANG_CXX_LIBRARY = "libc++";
				CLANG_ENABLE_MODULES = YES;
				CLANG_ENABLE_OBJC_ARC = YES;
				CLANG_ENABLE_OBJC_WEAK = YES;
				CLANG_WARN_BLOCK_CAPTURE_AUTORELEASING = YES;
				CLANG_WARN_BOOL_CONVERSION = YES;
				CLANG_WARN_COMMA = YES;
				CLANG_WARN_CONSTANT_CONVERSION = YES;
				CLANG_WARN_DEPRECATED_OBJC_IMPLEMENTATIONS = YES;
				CLANG_WARN_DIRECT_OBJC_ISA_USAGE = YES_ERROR;
				CLANG_WARN_DOCUMENTATION_COMMENTS = YES;
				CLANG_WARN_EMPTY_BODY = YES;
				CLANG_WARN_ENUM_CONVERSION = YES;
				CLANG_WARN_INFINITE_RECURSION = YES;
				CLANG_WARN_INT_CONVERSION = YES;
				CLANG_WARN_NON_LITERAL_NULL_CONVERSION = YES;
				CLANG_WARN_OBJC_IMPLICIT_RETAIN_SELF = YES;
				CLANG_WARN_OBJC_LITERAL_CONVERSION = YES;
				CLANG_WARN_OBJC_ROOT_CLASS = YES_ERROR;
				CLANG_WARN_RANGE_LOOP_ANALYSIS = YES;
				CLANG_WARN_STRICT_PROTOTYPES = YES;
				CLANG_WARN_SUSPICIOUS_MOVE = YES;
				CLANG_WARN_UNGUARDED_AVAILABILITY = YES_AGGRESSIVE;
				CLANG_WARN_UNREACHABLE_CODE = YES;
				CLANG_WARN__DUPLICATE_METHOD_MATCH = YES;
				COPY_PHASE_STRIP = NO;
				DEBUG_INFORMATION_FORMAT = dwarf;
				ENABLE_STRICT_OBJC_MSGSEND = YES;
				ENABLE_TESTABILITY = YES;
				GCC_C_LANGUAGE_STANDARD = gnu11;
				GCC_DYNAMIC_NO_PIC = NO;
				GCC_NO_COMMON_BLOCKS = YES;
				GCC_OPTIMIZATION_LEVEL = 0;
				GCC_PREPROCESSOR_DEFINITIONS = (
					"DEBUG=1",
					"$(inherited)",
				);
				GCC_WARN_64_TO_32_BIT_CONVERSION = YES;
				GCC_WARN_ABOUT_RETURN_TYPE = YES_ERROR;
				GCC_WARN_UNDECLARED_SELECTOR = YES;
				GCC_WARN_UNINITIALIZED_AUTOS = YES_AGGRESSIVE;
				GCC_WARN_UNUSED_FUNCTION = YES;
				GCC_WARN_UNUSED_VARIABLE = YES;
				IPHONEOS_DEPLOYMENT_TARGET = 13.6;
				MTL_ENABLE_DEBUG_INFO = INCLUDE_SOURCE;
				MTL_FAST_MATH = YES;
				ONLY_ACTIVE_ARCH = YES;
				SDKROOT = iphoneos;
				SWIFT_ACTIVE_COMPILATION_CONDITIONS = DEBUG;
				SWIFT_OPTIMIZATION_LEVEL = "-Onone";
			};
			name = Debug;
		};
		F2625D7924E5FE5500ABBA88 /* Release */ = {
			isa = XCBuildConfiguration;
			buildSettings = {
				ALWAYS_SEARCH_USER_PATHS = NO;
				CLANG_ANALYZER_NONNULL = YES;
				CLANG_ANALYZER_NUMBER_OBJECT_CONVERSION = YES_AGGRESSIVE;
				CLANG_CXX_LANGUAGE_STANDARD = "gnu++14";
				CLANG_CXX_LIBRARY = "libc++";
				CLANG_ENABLE_MODULES = YES;
				CLANG_ENABLE_OBJC_ARC = YES;
				CLANG_ENABLE_OBJC_WEAK = YES;
				CLANG_WARN_BLOCK_CAPTURE_AUTORELEASING = YES;
				CLANG_WARN_BOOL_CONVERSION = YES;
				CLANG_WARN_COMMA = YES;
				CLANG_WARN_CONSTANT_CONVERSION = YES;
				CLANG_WARN_DEPRECATED_OBJC_IMPLEMENTATIONS = YES;
				CLANG_WARN_DIRECT_OBJC_ISA_USAGE = YES_ERROR;
				CLANG_WARN_DOCUMENTATION_COMMENTS = YES;
				CLANG_WARN_EMPTY_BODY = YES;
				CLANG_WARN_ENUM_CONVERSION = YES;
				CLANG_WARN_INFINITE_RECURSION = YES;
				CLANG_WARN_INT_CONVERSION = YES;
				CLANG_WARN_NON_LITERAL_NULL_CONVERSION = YES;
				CLANG_WARN_OBJC_IMPLICIT_RETAIN_SELF = YES;
				CLANG_WARN_OBJC_LITERAL_CONVERSION = YES;
				CLANG_WARN_OBJC_ROOT_CLASS = YES_ERROR;
				CLANG_WARN_RANGE_LOOP_ANALYSIS = YES;
				CLANG_WARN_STRICT_PROTOTYPES = YES;
				CLANG_WARN_SUSPICIOUS_MOVE = YES;
				CLANG_WARN_UNGUARDED_AVAILABILITY = YES_AGGRESSIVE;
				CLANG_WARN_UNREACHABLE_CODE = YES;
				CLANG_WARN__DUPLICATE_METHOD_MATCH = YES;
				COPY_PHASE_STRIP = NO;
				DEBUG_INFORMATION_FORMAT = "dwarf-with-dsym";
				ENABLE_NS_ASSERTIONS = NO;
				ENABLE_STRICT_OBJC_MSGSEND = YES;
				GCC_C_LANGUAGE_STANDARD = gnu11;
				GCC_NO_COMMON_BLOCKS = YES;
				GCC_WARN_64_TO_32_BIT_CONVERSION = YES;
				GCC_WARN_ABOUT_RETURN_TYPE = YES_ERROR;
				GCC_WARN_UNDECLARED_SELECTOR = YES;
				GCC_WARN_UNINITIALIZED_AUTOS = YES_AGGRESSIVE;
				GCC_WARN_UNUSED_FUNCTION = YES;
				GCC_WARN_UNUSED_VARIABLE = YES;
				IPHONEOS_DEPLOYMENT_TARGET = 13.6;
				MTL_ENABLE_DEBUG_INFO = NO;
				MTL_FAST_MATH = YES;
				SDKROOT = iphoneos;
				SWIFT_COMPILATION_MODE = wholemodule;
				SWIFT_OPTIMIZATION_LEVEL = "-O";
				VALIDATE_PRODUCT = YES;
			};
			name = Release;
		};
		F2625D7B24E5FE5500ABBA88 /* Debug */ = {
			isa = XCBuildConfiguration;
			buildSettings = {
				ASSETCATALOG_COMPILER_APPICON_NAME = AppIcon;
				CODE_SIGN_STYLE = Automatic;
				DEVELOPMENT_ASSET_PATHS = "\"Coremelysis/Preview Content\"";
				DEVELOPMENT_TEAM = L76X5KFZD9;
				ENABLE_PREVIEWS = YES;
				INFOPLIST_FILE = Coremelysis/Resources/Info.plist;
				IPHONEOS_DEPLOYMENT_TARGET = 13.0;
				LD_RUNPATH_SEARCH_PATHS = (
					"$(inherited)",
					"@executable_path/Frameworks",
				);
				PRODUCT_BUNDLE_IDENTIFIER = com.galdineris.Coremelysis;
				PRODUCT_NAME = "$(TARGET_NAME)";
				SWIFT_VERSION = 5.0;
				TARGETED_DEVICE_FAMILY = "1,2";
			};
			name = Debug;
		};
		F2625D7C24E5FE5500ABBA88 /* Release */ = {
			isa = XCBuildConfiguration;
			buildSettings = {
				ASSETCATALOG_COMPILER_APPICON_NAME = AppIcon;
				CODE_SIGN_STYLE = Automatic;
				DEVELOPMENT_ASSET_PATHS = "\"Coremelysis/Preview Content\"";
				DEVELOPMENT_TEAM = L76X5KFZD9;
				ENABLE_PREVIEWS = YES;
				INFOPLIST_FILE = Coremelysis/Resources/Info.plist;
				IPHONEOS_DEPLOYMENT_TARGET = 13.0;
				LD_RUNPATH_SEARCH_PATHS = (
					"$(inherited)",
					"@executable_path/Frameworks",
				);
				PRODUCT_BUNDLE_IDENTIFIER = com.galdineris.Coremelysis;
				PRODUCT_NAME = "$(TARGET_NAME)";
				SWIFT_VERSION = 5.0;
				TARGETED_DEVICE_FAMILY = "1,2";
			};
			name = Release;
		};
/* End XCBuildConfiguration section */

/* Begin XCConfigurationList section */
		F2625D6124E5FE5000ABBA88 /* Build configuration list for PBXProject "Coremelysis" */ = {
			isa = XCConfigurationList;
			buildConfigurations = (
				F2625D7824E5FE5500ABBA88 /* Debug */,
				F2625D7924E5FE5500ABBA88 /* Release */,
			);
			defaultConfigurationIsVisible = 0;
			defaultConfigurationName = Release;
		};
		F2625D7A24E5FE5500ABBA88 /* Build configuration list for PBXNativeTarget "Coremelysis" */ = {
			isa = XCConfigurationList;
			buildConfigurations = (
				F2625D7B24E5FE5500ABBA88 /* Debug */,
				F2625D7C24E5FE5500ABBA88 /* Release */,
			);
			defaultConfigurationIsVisible = 0;
			defaultConfigurationName = Release;
		};
/* End XCConfigurationList section */
	};
	rootObject = F2625D5E24E5FE5000ABBA88 /* Project object */;
}
