// !$*UTF8*$!
{
	archiveVersion = 1;
	classes = {
	};
	objectVersion = 50;
	objects = {

/* Begin PBXBuildFile section */
		A408593F2521235B003BC5CE /* ExternalURL.swift in Sources */ = {isa = PBXBuildFile; fileRef = A408593E2521235B003BC5CE /* ExternalURL.swift */; };
		A40859432521301C003BC5CE /* Coremelysis.xcdatamodeld in Sources */ = {isa = PBXBuildFile; fileRef = A40859412521301C003BC5CE /* Coremelysis.xcdatamodeld */; };
		A408594525213820003BC5CE /* Entry+Extension.swift in Sources */ = {isa = PBXBuildFile; fileRef = A408594425213820003BC5CE /* Entry+Extension.swift */; };
		A408594925213882003BC5CE /* CoreDataStack.swift in Sources */ = {isa = PBXBuildFile; fileRef = A408594825213882003BC5CE /* CoreDataStack.swift */; };
		A40C88CA2518E6F2001199C6 /* HistorySummaryViewController.swift in Sources */ = {isa = PBXBuildFile; fileRef = A40C88C92518E6F2001199C6 /* HistorySummaryViewController.swift */; };
		A40C88CC2518EE66001199C6 /* HistorySummaryViewModel.swift in Sources */ = {isa = PBXBuildFile; fileRef = A40C88CB2518EE66001199C6 /* HistorySummaryViewModel.swift */; };
		A44AEA15251FD4F200352E21 /* AutoLayout.swift in Sources */ = {isa = PBXBuildFile; fileRef = F2B96B5D24E755C000AD118B /* AutoLayout.swift */; };
		A44AEA17251FD72700352E21 /* UserDefaults.swift in Sources */ = {isa = PBXBuildFile; fileRef = A44AEA16251FD72700352E21 /* UserDefaults.swift */; };
		A44AEA19251FE8DF00352E21 /* UserDefaultsKey.swift in Sources */ = {isa = PBXBuildFile; fileRef = A44AEA18251FE8DF00352E21 /* UserDefaultsKey.swift */; };
		A455C2E72514F4F80081B930 /* CoremelysisTabBarController.swift in Sources */ = {isa = PBXBuildFile; fileRef = A455C2E62514F4F80081B930 /* CoremelysisTabBarController.swift */; };
		A45E6E2F2517CF64003FB0C9 /* HistoryTableViewCell.swift in Sources */ = {isa = PBXBuildFile; fileRef = A45E6E2E2517CF64003FB0C9 /* HistoryTableViewCell.swift */; };
		A480CF4D25110BDD0026586E /* DesignSystem.swift in Sources */ = {isa = PBXBuildFile; fileRef = A480CF4C25110BDD0026586E /* DesignSystem.swift */; };
		A486C41324F7F6A50085BC58 /* SettingsViewController.swift in Sources */ = {isa = PBXBuildFile; fileRef = A486C41224F7F6A50085BC58 /* SettingsViewController.swift */; };
		A486C41524F7F6AF0085BC58 /* SettingsViewModel.swift in Sources */ = {isa = PBXBuildFile; fileRef = A486C41424F7F6AF0085BC58 /* SettingsViewModel.swift */; };
		A4A8370E25236B6A004D3CBE /* HistoryTableViewCellViewModel.swift in Sources */ = {isa = PBXBuildFile; fileRef = A4A8370D25236B6A004D3CBE /* HistoryTableViewCellViewModel.swift */; };
		A4BD58C924EC9A9F004F38FB /* MainViewModel.swift in Sources */ = {isa = PBXBuildFile; fileRef = A4BD58C824EC9A9F004F38FB /* MainViewModel.swift */; };
		A4F8B95C2513ADD200DE006B /* UIColor.swift in Sources */ = {isa = PBXBuildFile; fileRef = A4F8B95B2513ADD200DE006B /* UIColor.swift */; };
		F203FD7B2526280900E7C6A3 /* AppDelegate.swift in Sources */ = {isa = PBXBuildFile; fileRef = F203FD792526280900E7C6A3 /* AppDelegate.swift */; };
		F203FD7C2526280900E7C6A3 /* SceneDelegate.swift in Sources */ = {isa = PBXBuildFile; fileRef = F203FD7A2526280900E7C6A3 /* SceneDelegate.swift */; };
		F21345E92557991900C55882 /* FileManager+Extension.swift in Sources */ = {isa = PBXBuildFile; fileRef = F21345E82557991900C55882 /* FileManager+Extension.swift */; };
		F214C92C24F6AE6700170DA8 /* HistoryViewModel.swift in Sources */ = {isa = PBXBuildFile; fileRef = F214C92B24F6AE6700170DA8 /* HistoryViewModel.swift */; };
		F217EB402550F6D600B0122F /* SAModel+Methods.swift in Sources */ = {isa = PBXBuildFile; fileRef = F217EB3F2550F6D600B0122F /* SAModel+Methods.swift */; };
		F23A6AE8251A4A6500A810CC /* IntentHandler.swift in Sources */ = {isa = PBXBuildFile; fileRef = F23A6AE7251A4A6500A810CC /* IntentHandler.swift */; };
		F23A6AEC251A4A6500A810CC /* CoremelysisIntents.appex in Embed App Extensions */ = {isa = PBXBuildFile; fileRef = F23A6AE5251A4A6500A810CC /* CoremelysisIntents.appex */; settings = {ATTRIBUTES = (RemoveHeadersOnCopy, ); }; };
		F23A6AF1251A4AE400A810CC /* shortcutIntents.intentdefinition in Sources */ = {isa = PBXBuildFile; fileRef = F208C6EE2518F1FA007385F3 /* shortcutIntents.intentdefinition */; settings = {ATTRIBUTES = (no_codegen, ); }; };
		F24FBE7B252043020034D608 /* SentimentPolarity.mlmodel in Sources */ = {isa = PBXBuildFile; fileRef = F24FBE7A252043020034D608 /* SentimentPolarity.mlmodel */; };
		F25FD18D251FE67000EC470B /* CoremelysisML.h in Headers */ = {isa = PBXBuildFile; fileRef = F25FD18B251FE67000EC470B /* CoremelysisML.h */; settings = {ATTRIBUTES = (Public, ); }; };
		F25FD190251FE67000EC470B /* CoremelysisML.framework in Frameworks */ = {isa = PBXBuildFile; fileRef = F25FD189251FE67000EC470B /* CoremelysisML.framework */; };
		F25FD191251FE67000EC470B /* CoremelysisML.framework in Embed Frameworks */ = {isa = PBXBuildFile; fileRef = F25FD189251FE67000EC470B /* CoremelysisML.framework */; settings = {ATTRIBUTES = (CodeSignOnCopy, RemoveHeadersOnCopy, ); }; };
		F25FD19A251FE6EF00EC470B /* SAModel.swift in Sources */ = {isa = PBXBuildFile; fileRef = F2B99ED225091D5A0005D9B4 /* SAModel.swift */; };
		F25FD1A0251FE71B00EC470B /* SAModel+Errors.swift in Sources */ = {isa = PBXBuildFile; fileRef = F2D418332511A51B00474DBC /* SAModel+Errors.swift */; };
		F2625D7024E5FE5500ABBA88 /* Assets.xcassets in Resources */ = {isa = PBXBuildFile; fileRef = F2625D6F24E5FE5500ABBA88 /* Assets.xcassets */; };
		F2625D7324E5FE5500ABBA88 /* Preview Assets.xcassets in Resources */ = {isa = PBXBuildFile; fileRef = F2625D7224E5FE5500ABBA88 /* Preview Assets.xcassets */; };
		F2625D7624E5FE5500ABBA88 /* LaunchScreen.storyboard in Resources */ = {isa = PBXBuildFile; fileRef = F2625D7424E5FE5500ABBA88 /* LaunchScreen.storyboard */; };
		F2625D7E24E5FF3200ABBA88 /* MainViewController.swift in Sources */ = {isa = PBXBuildFile; fileRef = F2625D7D24E5FF3200ABBA88 /* MainViewController.swift */; };
		F271FC3024F6A89900011DD1 /* HistoryViewController.swift in Sources */ = {isa = PBXBuildFile; fileRef = F271FC2F24F6A89900011DD1 /* HistoryViewController.swift */; };
		F2C1B289255A0B4A00EEB9DD /* CustomSAModel.swift in Sources */ = {isa = PBXBuildFile; fileRef = F2C1B288255A0B4A00EEB9DD /* CustomSAModel.swift */; };
		F2E5B8962524D9E8006E3D6A /* shortcutIntents.intentdefinition in Sources */ = {isa = PBXBuildFile; fileRef = F208C6EE2518F1FA007385F3 /* shortcutIntents.intentdefinition */; settings = {ATTRIBUTES = (no_codegen, ); }; };
		F2E5B8992524D9E9006E3D6A /* shortcutIntents.intentdefinition in Sources */ = {isa = PBXBuildFile; fileRef = F208C6EE2518F1FA007385F3 /* shortcutIntents.intentdefinition */; settings = {ATTRIBUTES = (codegen, ); }; };
		F2E5B8A02524DAAC006E3D6A /* Sentiment.swift in Sources */ = {isa = PBXBuildFile; fileRef = A4BD58CA24EC9BC7004F38FB /* Sentiment.swift */; };
		F2E5B8AC2524E088006E3D6A /* CoremelysisML.framework in Frameworks */ = {isa = PBXBuildFile; fileRef = F25FD189251FE67000EC470B /* CoremelysisML.framework */; };
		F2F91A24252624330037AF67 /* HistoryEntry.swift in Sources */ = {isa = PBXBuildFile; fileRef = F214C92D24F6AFC600170DA8 /* HistoryEntry.swift */; };
		F2FFB627251E229E00070507 /* MakeAnalysisIntentHandler.swift in Sources */ = {isa = PBXBuildFile; fileRef = F2FFB626251E229E00070507 /* MakeAnalysisIntentHandler.swift */; };
/* End PBXBuildFile section */

/* Begin PBXContainerItemProxy section */
		F23A6AEA251A4A6500A810CC /* PBXContainerItemProxy */ = {
			isa = PBXContainerItemProxy;
			containerPortal = F2625D5E24E5FE5000ABBA88 /* Project object */;
			proxyType = 1;
			remoteGlobalIDString = F23A6AE4251A4A6500A810CC;
			remoteInfo = CoremelysisIntents;
		};
		F25FD18E251FE67000EC470B /* PBXContainerItemProxy */ = {
			isa = PBXContainerItemProxy;
			containerPortal = F2625D5E24E5FE5000ABBA88 /* Project object */;
			proxyType = 1;
			remoteGlobalIDString = F25FD188251FE67000EC470B;
			remoteInfo = CoremelysisML;
		};
		F2E5B8AE2524E088006E3D6A /* PBXContainerItemProxy */ = {
			isa = PBXContainerItemProxy;
			containerPortal = F2625D5E24E5FE5000ABBA88 /* Project object */;
			proxyType = 1;
			remoteGlobalIDString = F25FD188251FE67000EC470B;
			remoteInfo = CoremelysisML;
		};
/* End PBXContainerItemProxy section */

/* Begin PBXCopyFilesBuildPhase section */
		F23A6AED251A4A6500A810CC /* Embed App Extensions */ = {
			isa = PBXCopyFilesBuildPhase;
			buildActionMask = 2147483647;
			dstPath = "";
			dstSubfolderSpec = 13;
			files = (
				F23A6AEC251A4A6500A810CC /* CoremelysisIntents.appex in Embed App Extensions */,
			);
			name = "Embed App Extensions";
			runOnlyForDeploymentPostprocessing = 0;
		};
		F25FD192251FE67000EC470B /* Embed Frameworks */ = {
			isa = PBXCopyFilesBuildPhase;
			buildActionMask = 2147483647;
			dstPath = "";
			dstSubfolderSpec = 10;
			files = (
				F25FD191251FE67000EC470B /* CoremelysisML.framework in Embed Frameworks */,
			);
			name = "Embed Frameworks";
			runOnlyForDeploymentPostprocessing = 0;
		};
/* End PBXCopyFilesBuildPhase section */

/* Begin PBXFileReference section */
		A408593E2521235B003BC5CE /* ExternalURL.swift */ = {isa = PBXFileReference; lastKnownFileType = sourcecode.swift; path = ExternalURL.swift; sourceTree = "<group>"; };
		A40859422521301C003BC5CE /* CoremelysisModel.xcdatamodel */ = {isa = PBXFileReference; lastKnownFileType = wrapper.xcdatamodel; path = CoremelysisModel.xcdatamodel; sourceTree = "<group>"; };
		A408594425213820003BC5CE /* Entry+Extension.swift */ = {isa = PBXFileReference; lastKnownFileType = sourcecode.swift; path = "Entry+Extension.swift"; sourceTree = "<group>"; };
		A408594825213882003BC5CE /* CoreDataStack.swift */ = {isa = PBXFileReference; lastKnownFileType = sourcecode.swift; path = CoreDataStack.swift; sourceTree = "<group>"; };
		A40C88C92518E6F2001199C6 /* HistorySummaryViewController.swift */ = {isa = PBXFileReference; lastKnownFileType = sourcecode.swift; path = HistorySummaryViewController.swift; sourceTree = "<group>"; };
		A40C88CB2518EE66001199C6 /* HistorySummaryViewModel.swift */ = {isa = PBXFileReference; lastKnownFileType = sourcecode.swift; path = HistorySummaryViewModel.swift; sourceTree = "<group>"; };
		A44AEA16251FD72700352E21 /* UserDefaults.swift */ = {isa = PBXFileReference; lastKnownFileType = sourcecode.swift; path = UserDefaults.swift; sourceTree = "<group>"; };
		A44AEA18251FE8DF00352E21 /* UserDefaultsKey.swift */ = {isa = PBXFileReference; lastKnownFileType = sourcecode.swift; path = UserDefaultsKey.swift; sourceTree = "<group>"; };
		A455C2E62514F4F80081B930 /* CoremelysisTabBarController.swift */ = {isa = PBXFileReference; lastKnownFileType = sourcecode.swift; path = CoremelysisTabBarController.swift; sourceTree = "<group>"; };
		A45E6E2E2517CF64003FB0C9 /* HistoryTableViewCell.swift */ = {isa = PBXFileReference; lastKnownFileType = sourcecode.swift; path = HistoryTableViewCell.swift; sourceTree = "<group>"; };
		A480CF4C25110BDD0026586E /* DesignSystem.swift */ = {isa = PBXFileReference; lastKnownFileType = sourcecode.swift; path = DesignSystem.swift; sourceTree = "<group>"; };
		A486C41224F7F6A50085BC58 /* SettingsViewController.swift */ = {isa = PBXFileReference; lastKnownFileType = sourcecode.swift; path = SettingsViewController.swift; sourceTree = "<group>"; };
		A486C41424F7F6AF0085BC58 /* SettingsViewModel.swift */ = {isa = PBXFileReference; lastKnownFileType = sourcecode.swift; path = SettingsViewModel.swift; sourceTree = "<group>"; };
		A4A8370D25236B6A004D3CBE /* HistoryTableViewCellViewModel.swift */ = {isa = PBXFileReference; lastKnownFileType = sourcecode.swift; path = HistoryTableViewCellViewModel.swift; sourceTree = "<group>"; };
		A4BD58C824EC9A9F004F38FB /* MainViewModel.swift */ = {isa = PBXFileReference; lastKnownFileType = sourcecode.swift; path = MainViewModel.swift; sourceTree = "<group>"; };
		A4BD58CA24EC9BC7004F38FB /* Sentiment.swift */ = {isa = PBXFileReference; lastKnownFileType = sourcecode.swift; path = Sentiment.swift; sourceTree = "<group>"; };
		A4F8B95B2513ADD200DE006B /* UIColor.swift */ = {isa = PBXFileReference; lastKnownFileType = sourcecode.swift; path = UIColor.swift; sourceTree = "<group>"; };
		F203FD792526280900E7C6A3 /* AppDelegate.swift */ = {isa = PBXFileReference; fileEncoding = 4; lastKnownFileType = sourcecode.swift; path = AppDelegate.swift; sourceTree = "<group>"; };
		F203FD7A2526280900E7C6A3 /* SceneDelegate.swift */ = {isa = PBXFileReference; fileEncoding = 4; lastKnownFileType = sourcecode.swift; path = SceneDelegate.swift; sourceTree = "<group>"; };
		F208C6EE2518F1FA007385F3 /* shortcutIntents.intentdefinition */ = {isa = PBXFileReference; lastKnownFileType = file.intentdefinition; path = shortcutIntents.intentdefinition; sourceTree = "<group>"; };
		F21345E82557991900C55882 /* FileManager+Extension.swift */ = {isa = PBXFileReference; lastKnownFileType = sourcecode.swift; path = "FileManager+Extension.swift"; sourceTree = "<group>"; };
		F214C92B24F6AE6700170DA8 /* HistoryViewModel.swift */ = {isa = PBXFileReference; lastKnownFileType = sourcecode.swift; path = HistoryViewModel.swift; sourceTree = "<group>"; };
		F214C92D24F6AFC600170DA8 /* HistoryEntry.swift */ = {isa = PBXFileReference; lastKnownFileType = sourcecode.swift; path = HistoryEntry.swift; sourceTree = "<group>"; };
		F217EB3F2550F6D600B0122F /* SAModel+Methods.swift */ = {isa = PBXFileReference; lastKnownFileType = sourcecode.swift; path = "SAModel+Methods.swift"; sourceTree = "<group>"; };
		F23A6AE5251A4A6500A810CC /* CoremelysisIntents.appex */ = {isa = PBXFileReference; explicitFileType = "wrapper.app-extension"; includeInIndex = 0; path = CoremelysisIntents.appex; sourceTree = BUILT_PRODUCTS_DIR; };
		F23A6AE7251A4A6500A810CC /* IntentHandler.swift */ = {isa = PBXFileReference; lastKnownFileType = sourcecode.swift; path = IntentHandler.swift; sourceTree = "<group>"; };
		F23A6AE9251A4A6500A810CC /* Info.plist */ = {isa = PBXFileReference; lastKnownFileType = text.plist.xml; path = Info.plist; sourceTree = "<group>"; };
		F23A6AF2251A4B7200A810CC /* Coremelysis.entitlements */ = {isa = PBXFileReference; lastKnownFileType = text.plist.entitlements; path = Coremelysis.entitlements; sourceTree = "<group>"; };
		F24FBE7A252043020034D608 /* SentimentPolarity.mlmodel */ = {isa = PBXFileReference; lastKnownFileType = file.mlmodel; path = SentimentPolarity.mlmodel; sourceTree = "<group>"; };
		F25FD189251FE67000EC470B /* CoremelysisML.framework */ = {isa = PBXFileReference; explicitFileType = wrapper.framework; includeInIndex = 0; path = CoremelysisML.framework; sourceTree = BUILT_PRODUCTS_DIR; };
		F25FD18B251FE67000EC470B /* CoremelysisML.h */ = {isa = PBXFileReference; lastKnownFileType = sourcecode.c.h; path = CoremelysisML.h; sourceTree = "<group>"; };
		F25FD18C251FE67000EC470B /* Info.plist */ = {isa = PBXFileReference; lastKnownFileType = text.plist.xml; path = Info.plist; sourceTree = "<group>"; };
		F2625D6624E5FE5000ABBA88 /* Coremelysis.app */ = {isa = PBXFileReference; explicitFileType = wrapper.application; includeInIndex = 0; path = Coremelysis.app; sourceTree = BUILT_PRODUCTS_DIR; };
		F2625D6F24E5FE5500ABBA88 /* Assets.xcassets */ = {isa = PBXFileReference; lastKnownFileType = folder.assetcatalog; path = Assets.xcassets; sourceTree = "<group>"; };
		F2625D7224E5FE5500ABBA88 /* Preview Assets.xcassets */ = {isa = PBXFileReference; lastKnownFileType = folder.assetcatalog; path = "Preview Assets.xcassets"; sourceTree = "<group>"; };
		F2625D7524E5FE5500ABBA88 /* Base */ = {isa = PBXFileReference; lastKnownFileType = file.storyboard; name = Base; path = Base.lproj/LaunchScreen.storyboard; sourceTree = "<group>"; };
		F2625D7724E5FE5500ABBA88 /* Info.plist */ = {isa = PBXFileReference; lastKnownFileType = text.plist.xml; path = Info.plist; sourceTree = "<group>"; };
		F2625D7D24E5FF3200ABBA88 /* MainViewController.swift */ = {isa = PBXFileReference; lastKnownFileType = sourcecode.swift; path = MainViewController.swift; sourceTree = "<group>"; };
		F271FC2F24F6A89900011DD1 /* HistoryViewController.swift */ = {isa = PBXFileReference; lastKnownFileType = sourcecode.swift; path = HistoryViewController.swift; sourceTree = "<group>"; };
		F293A5D82524D6F00010FB91 /* CoremelysisIntents.entitlements */ = {isa = PBXFileReference; lastKnownFileType = text.plist.entitlements; path = CoremelysisIntents.entitlements; sourceTree = "<group>"; };
		F2B96B5D24E755C000AD118B /* AutoLayout.swift */ = {isa = PBXFileReference; lastKnownFileType = sourcecode.swift; path = AutoLayout.swift; sourceTree = "<group>"; };
		F2B99ED225091D5A0005D9B4 /* SAModel.swift */ = {isa = PBXFileReference; lastKnownFileType = sourcecode.swift; path = SAModel.swift; sourceTree = "<group>"; };
		F2C1B288255A0B4A00EEB9DD /* CustomSAModel.swift */ = {isa = PBXFileReference; lastKnownFileType = sourcecode.swift; path = CustomSAModel.swift; sourceTree = "<group>"; };
		F2D418332511A51B00474DBC /* SAModel+Errors.swift */ = {isa = PBXFileReference; lastKnownFileType = sourcecode.swift; path = "SAModel+Errors.swift"; sourceTree = "<group>"; };
		F2FFB626251E229E00070507 /* MakeAnalysisIntentHandler.swift */ = {isa = PBXFileReference; lastKnownFileType = sourcecode.swift; path = MakeAnalysisIntentHandler.swift; sourceTree = "<group>"; };
/* End PBXFileReference section */

/* Begin PBXFrameworksBuildPhase section */
		F23A6AE2251A4A6500A810CC /* Frameworks */ = {
			isa = PBXFrameworksBuildPhase;
			buildActionMask = 2147483647;
			files = (
				F2E5B8AC2524E088006E3D6A /* CoremelysisML.framework in Frameworks */,
			);
			runOnlyForDeploymentPostprocessing = 0;
		};
		F25FD186251FE67000EC470B /* Frameworks */ = {
			isa = PBXFrameworksBuildPhase;
			buildActionMask = 2147483647;
			files = (
			);
			runOnlyForDeploymentPostprocessing = 0;
		};
		F2625D6324E5FE5000ABBA88 /* Frameworks */ = {
			isa = PBXFrameworksBuildPhase;
			buildActionMask = 2147483647;
			files = (
				F25FD190251FE67000EC470B /* CoremelysisML.framework in Frameworks */,
			);
			runOnlyForDeploymentPostprocessing = 0;
		};
/* End PBXFrameworksBuildPhase section */

/* Begin PBXGroup section */
		A408594025212FFF003BC5CE /* Core Data */ = {
			isa = PBXGroup;
			children = (
				A408594625213854003BC5CE /* Extensions */,
				A40859412521301C003BC5CE /* Coremelysis.xcdatamodeld */,
				A408594825213882003BC5CE /* CoreDataStack.swift */,
			);
			path = "Core Data";
			sourceTree = "<group>";
		};
		A408594625213854003BC5CE /* Extensions */ = {
			isa = PBXGroup;
			children = (
				A408594425213820003BC5CE /* Entry+Extension.swift */,
			);
			path = Extensions;
			sourceTree = "<group>";
		};
		A40C88C72518E68C001199C6 /* History Table View */ = {
			isa = PBXGroup;
			children = (
				A4A8370C25236B50004D3CBE /* ViewModels */,
				A4A8370B25236B3D004D3CBE /* Views */,
			);
			path = "History Table View";
			sourceTree = "<group>";
		};
		A40C88C82518E69C001199C6 /* History Summary View */ = {
			isa = PBXGroup;
			children = (
				A40C88C92518E6F2001199C6 /* HistorySummaryViewController.swift */,
				A40C88CB2518EE66001199C6 /* HistorySummaryViewModel.swift */,
			);
			path = "History Summary View";
			sourceTree = "<group>";
		};
		A44AEA14251FD20E00352E21 /* App */ = {
			isa = PBXGroup;
			children = (
				F203FD792526280900E7C6A3 /* AppDelegate.swift */,
				F203FD7A2526280900E7C6A3 /* SceneDelegate.swift */,
			);
			path = App;
			sourceTree = "<group>";
		};
		A44EAC742517DFD20036EBA9 /* Navigation */ = {
			isa = PBXGroup;
			children = (
				A455C2E62514F4F80081B930 /* CoremelysisTabBarController.swift */,
			);
			path = Navigation;
			sourceTree = "<group>";
		};
		A486C41124F7F68F0085BC58 /* SettingsView */ = {
			isa = PBXGroup;
			children = (
				A486C41224F7F6A50085BC58 /* SettingsViewController.swift */,
				A486C41424F7F6AF0085BC58 /* SettingsViewModel.swift */,
			);
			path = SettingsView;
			sourceTree = "<group>";
		};
		A4A8370B25236B3D004D3CBE /* Views */ = {
			isa = PBXGroup;
			children = (
				A45E6E2E2517CF64003FB0C9 /* HistoryTableViewCell.swift */,
				F271FC2F24F6A89900011DD1 /* HistoryViewController.swift */,
			);
			path = Views;
			sourceTree = "<group>";
		};
		A4A8370C25236B50004D3CBE /* ViewModels */ = {
			isa = PBXGroup;
			children = (
				F214C92B24F6AE6700170DA8 /* HistoryViewModel.swift */,
				A4A8370D25236B6A004D3CBE /* HistoryTableViewCellViewModel.swift */,
			);
			path = ViewModels;
			sourceTree = "<group>";
		};
		A4F8B95A2513ADBA00DE006B /* Extensions */ = {
			isa = PBXGroup;
			children = (
				A4F8B95B2513ADD200DE006B /* UIColor.swift */,
			);
			path = Extensions;
			sourceTree = "<group>";
		};
		F217EB3A2550F5BF00B0122F /* SAModel */ = {
			isa = PBXGroup;
			children = (
				F2C1B288255A0B4A00EEB9DD /* CustomSAModel.swift */,
				F2B99ED225091D5A0005D9B4 /* SAModel.swift */,
				F2D418332511A51B00474DBC /* SAModel+Errors.swift */,
				F217EB3F2550F6D600B0122F /* SAModel+Methods.swift */,
			);
			path = SAModel;
			sourceTree = "<group>";
		};
		F23A6AE6251A4A6500A810CC /* CoremelysisIntents */ = {
			isa = PBXGroup;
			children = (
				F293A5D82524D6F00010FB91 /* CoremelysisIntents.entitlements */,
				F23A6AE9251A4A6500A810CC /* Info.plist */,
				F23A6AE7251A4A6500A810CC /* IntentHandler.swift */,
				F2FFB626251E229E00070507 /* MakeAnalysisIntentHandler.swift */,
			);
			path = CoremelysisIntents;
			sourceTree = "<group>";
		};
		F25FD18A251FE67000EC470B /* CoremelysisML */ = {
			isa = PBXGroup;
			children = (
				F25FD18B251FE67000EC470B /* CoremelysisML.h */,
				F25FD18C251FE67000EC470B /* Info.plist */,
				F217EB3A2550F5BF00B0122F /* SAModel */,
				A4BD58CA24EC9BC7004F38FB /* Sentiment.swift */,
				F21345E82557991900C55882 /* FileManager+Extension.swift */,
				F24FBE7A252043020034D608 /* SentimentPolarity.mlmodel */,
				F208C6EE2518F1FA007385F3 /* shortcutIntents.intentdefinition */,
			);
			path = CoremelysisML;
			sourceTree = "<group>";
		};
		F2625D5D24E5FE5000ABBA88 = {
			isa = PBXGroup;
			children = (
				F2625D6824E5FE5000ABBA88 /* Coremelysis */,
				F23A6AE6251A4A6500A810CC /* CoremelysisIntents */,
				F25FD18A251FE67000EC470B /* CoremelysisML */,
				F2625D6724E5FE5000ABBA88 /* Products */,
				F2E5B8AB2524E088006E3D6A /* Frameworks */,
			);
			sourceTree = "<group>";
		};
		F2625D6724E5FE5000ABBA88 /* Products */ = {
			isa = PBXGroup;
			children = (
				F2625D6624E5FE5000ABBA88 /* Coremelysis.app */,
				F23A6AE5251A4A6500A810CC /* CoremelysisIntents.appex */,
				F25FD189251FE67000EC470B /* CoremelysisML.framework */,
			);
			name = Products;
			sourceTree = "<group>";
		};
		F2625D6824E5FE5000ABBA88 /* Coremelysis */ = {
			isa = PBXGroup;
			children = (
				F23A6AF2251A4B7200A810CC /* Coremelysis.entitlements */,
				A44AEA14251FD20E00352E21 /* App */,
				A44EAC742517DFD20036EBA9 /* Navigation */,
				A486C41124F7F68F0085BC58 /* SettingsView */,
				F271FC3124F6A8BD00011DD1 /* HistoryView */,
				F271FC2B24F6A7F800011DD1 /* MainView */,
				A4F8B95A2513ADBA00DE006B /* Extensions */,
				F271FC2D24F6A84400011DD1 /* Enums */,
				F271FC2E24F6A84B00011DD1 /* Property Wrappers */,
				F271FC2C24F6A82A00011DD1 /* Resources */,
				F2625D7124E5FE5500ABBA88 /* Preview Content */,
				A408594025212FFF003BC5CE /* Core Data */,
			);
			path = Coremelysis;
			sourceTree = "<group>";
		};
		F2625D7124E5FE5500ABBA88 /* Preview Content */ = {
			isa = PBXGroup;
			children = (
				F2625D7224E5FE5500ABBA88 /* Preview Assets.xcassets */,
			);
			path = "Preview Content";
			sourceTree = "<group>";
		};
		F271FC2B24F6A7F800011DD1 /* MainView */ = {
			isa = PBXGroup;
			children = (
				F2625D7D24E5FF3200ABBA88 /* MainViewController.swift */,
				A4BD58C824EC9A9F004F38FB /* MainViewModel.swift */,
			);
			path = MainView;
			sourceTree = "<group>";
		};
		F271FC2C24F6A82A00011DD1 /* Resources */ = {
			isa = PBXGroup;
			children = (
				F2625D6F24E5FE5500ABBA88 /* Assets.xcassets */,
				F2625D7424E5FE5500ABBA88 /* LaunchScreen.storyboard */,
				F2625D7724E5FE5500ABBA88 /* Info.plist */,
			);
			path = Resources;
			sourceTree = "<group>";
		};
		F271FC2D24F6A84400011DD1 /* Enums */ = {
			isa = PBXGroup;
			children = (
				A480CF4C25110BDD0026586E /* DesignSystem.swift */,
				A44AEA18251FE8DF00352E21 /* UserDefaultsKey.swift */,
				A408593E2521235B003BC5CE /* ExternalURL.swift */,
			);
			path = Enums;
			sourceTree = "<group>";
		};
		F271FC2E24F6A84B00011DD1 /* Property Wrappers */ = {
			isa = PBXGroup;
			children = (
				F2B96B5D24E755C000AD118B /* AutoLayout.swift */,
				A44AEA16251FD72700352E21 /* UserDefaults.swift */,
			);
			path = "Property Wrappers";
			sourceTree = "<group>";
		};
		F271FC3124F6A8BD00011DD1 /* HistoryView */ = {
			isa = PBXGroup;
			children = (
				A40C88C82518E69C001199C6 /* History Summary View */,
				A40C88C72518E68C001199C6 /* History Table View */,
				F214C92D24F6AFC600170DA8 /* HistoryEntry.swift */,
			);
			path = HistoryView;
			sourceTree = "<group>";
		};
		F2E5B8AB2524E088006E3D6A /* Frameworks */ = {
			isa = PBXGroup;
			children = (
			);
			name = Frameworks;
			sourceTree = "<group>";
		};
/* End PBXGroup section */

/* Begin PBXHeadersBuildPhase section */
		F25FD184251FE67000EC470B /* Headers */ = {
			isa = PBXHeadersBuildPhase;
			buildActionMask = 2147483647;
			files = (
				F25FD18D251FE67000EC470B /* CoremelysisML.h in Headers */,
			);
			runOnlyForDeploymentPostprocessing = 0;
		};
/* End PBXHeadersBuildPhase section */

/* Begin PBXNativeTarget section */
		F23A6AE4251A4A6500A810CC /* CoremelysisIntents */ = {
			isa = PBXNativeTarget;
			buildConfigurationList = F23A6AF0251A4A6500A810CC /* Build configuration list for PBXNativeTarget "CoremelysisIntents" */;
			buildPhases = (
				F23A6AE1251A4A6500A810CC /* Sources */,
				F23A6AE2251A4A6500A810CC /* Frameworks */,
				F23A6AE3251A4A6500A810CC /* Resources */,
			);
			buildRules = (
			);
			dependencies = (
				F2E5B8AF2524E088006E3D6A /* PBXTargetDependency */,
			);
			name = CoremelysisIntents;
			productName = CoremelysisIntents;
			productReference = F23A6AE5251A4A6500A810CC /* CoremelysisIntents.appex */;
			productType = "com.apple.product-type.app-extension";
		};
		F25FD188251FE67000EC470B /* CoremelysisML */ = {
			isa = PBXNativeTarget;
			buildConfigurationList = F25FD195251FE67000EC470B /* Build configuration list for PBXNativeTarget "CoremelysisML" */;
			buildPhases = (
				F25FD184251FE67000EC470B /* Headers */,
				F25FD185251FE67000EC470B /* Sources */,
				F25FD186251FE67000EC470B /* Frameworks */,
				F25FD187251FE67000EC470B /* Resources */,
			);
			buildRules = (
			);
			dependencies = (
			);
			name = CoremelysisML;
			productName = CoremelysisML;
			productReference = F25FD189251FE67000EC470B /* CoremelysisML.framework */;
			productType = "com.apple.product-type.framework";
		};
		F2625D6524E5FE5000ABBA88 /* Coremelysis */ = {
			isa = PBXNativeTarget;
			buildConfigurationList = F2625D7A24E5FE5500ABBA88 /* Build configuration list for PBXNativeTarget "Coremelysis" */;
			buildPhases = (
				F2625D6224E5FE5000ABBA88 /* Sources */,
				F2625D6324E5FE5000ABBA88 /* Frameworks */,
				F2625D6424E5FE5000ABBA88 /* Resources */,
				F2B99ED62509211E0005D9B4 /* Run SwiftLint */,
				F23A6AED251A4A6500A810CC /* Embed App Extensions */,
				F25FD192251FE67000EC470B /* Embed Frameworks */,
			);
			buildRules = (
			);
			dependencies = (
				F23A6AEB251A4A6500A810CC /* PBXTargetDependency */,
				F25FD18F251FE67000EC470B /* PBXTargetDependency */,
			);
			name = Coremelysis;
			productName = Coremelysis;
			productReference = F2625D6624E5FE5000ABBA88 /* Coremelysis.app */;
			productType = "com.apple.product-type.application";
		};
/* End PBXNativeTarget section */

/* Begin PBXProject section */
		F2625D5E24E5FE5000ABBA88 /* Project object */ = {
			isa = PBXProject;
			attributes = {
				LastSwiftUpdateCheck = 1170;
				LastUpgradeCheck = 1200;
				ORGANIZATIONNAME = "Rafael Galdino";
				TargetAttributes = {
					F23A6AE4251A4A6500A810CC = {
						CreatedOnToolsVersion = 11.7;
					};
					F25FD188251FE67000EC470B = {
						CreatedOnToolsVersion = 12.0.1;
					};
					F2625D6524E5FE5000ABBA88 = {
						CreatedOnToolsVersion = 11.6;
					};
				};
			};
			buildConfigurationList = F2625D6124E5FE5000ABBA88 /* Build configuration list for PBXProject "Coremelysis" */;
			compatibilityVersion = "Xcode 9.3";
			developmentRegion = en;
			hasScannedForEncodings = 0;
			knownRegions = (
				en,
				Base,
			);
			mainGroup = F2625D5D24E5FE5000ABBA88;
			productRefGroup = F2625D6724E5FE5000ABBA88 /* Products */;
			projectDirPath = "";
			projectRoot = "";
			targets = (
				F2625D6524E5FE5000ABBA88 /* Coremelysis */,
				F23A6AE4251A4A6500A810CC /* CoremelysisIntents */,
				F25FD188251FE67000EC470B /* CoremelysisML */,
			);
		};
/* End PBXProject section */

/* Begin PBXResourcesBuildPhase section */
		F23A6AE3251A4A6500A810CC /* Resources */ = {
			isa = PBXResourcesBuildPhase;
			buildActionMask = 2147483647;
			files = (
			);
			runOnlyForDeploymentPostprocessing = 0;
		};
		F25FD187251FE67000EC470B /* Resources */ = {
			isa = PBXResourcesBuildPhase;
			buildActionMask = 2147483647;
			files = (
			);
			runOnlyForDeploymentPostprocessing = 0;
		};
		F2625D6424E5FE5000ABBA88 /* Resources */ = {
			isa = PBXResourcesBuildPhase;
			buildActionMask = 2147483647;
			files = (
				F2625D7624E5FE5500ABBA88 /* LaunchScreen.storyboard in Resources */,
				F2625D7324E5FE5500ABBA88 /* Preview Assets.xcassets in Resources */,
				F2625D7024E5FE5500ABBA88 /* Assets.xcassets in Resources */,
			);
			runOnlyForDeploymentPostprocessing = 0;
		};
/* End PBXResourcesBuildPhase section */

/* Begin PBXShellScriptBuildPhase section */
		F2B99ED62509211E0005D9B4 /* Run SwiftLint */ = {
			isa = PBXShellScriptBuildPhase;
			buildActionMask = 2147483647;
			files = (
			);
			inputFileListPaths = (
			);
			inputPaths = (
			);
			name = "Run SwiftLint";
			outputFileListPaths = (
			);
			outputPaths = (
			);
			runOnlyForDeploymentPostprocessing = 0;
			shellPath = /bin/sh;
			shellScript = "if which swiftlint >/dev/null; then\n  swiftlint\nelse\n  echo \"warning: SwiftLint not installed, download from https://github.com/realm/SwiftLint\"\nfi\n";
		};
/* End PBXShellScriptBuildPhase section */

/* Begin PBXSourcesBuildPhase section */
		F23A6AE1251A4A6500A810CC /* Sources */ = {
			isa = PBXSourcesBuildPhase;
			buildActionMask = 2147483647;
			files = (
				F23A6AF1251A4AE400A810CC /* shortcutIntents.intentdefinition in Sources */,
				F2FFB627251E229E00070507 /* MakeAnalysisIntentHandler.swift in Sources */,
				F23A6AE8251A4A6500A810CC /* IntentHandler.swift in Sources */,
			);
			runOnlyForDeploymentPostprocessing = 0;
		};
		F25FD185251FE67000EC470B /* Sources */ = {
			isa = PBXSourcesBuildPhase;
			buildActionMask = 2147483647;
			files = (
				F2E5B8992524D9E9006E3D6A /* shortcutIntents.intentdefinition in Sources */,
				F217EB402550F6D600B0122F /* SAModel+Methods.swift in Sources */,
				F24FBE7B252043020034D608 /* SentimentPolarity.mlmodel in Sources */,
				F25FD19A251FE6EF00EC470B /* SAModel.swift in Sources */,
				F25FD1A0251FE71B00EC470B /* SAModel+Errors.swift in Sources */,
				F2E5B8A02524DAAC006E3D6A /* Sentiment.swift in Sources */,
				F2C1B289255A0B4A00EEB9DD /* CustomSAModel.swift in Sources */,
				F21345E92557991900C55882 /* FileManager+Extension.swift in Sources */,
			);
			runOnlyForDeploymentPostprocessing = 0;
		};
		F2625D6224E5FE5000ABBA88 /* Sources */ = {
			isa = PBXSourcesBuildPhase;
			buildActionMask = 2147483647;
			files = (
				F2F91A24252624330037AF67 /* HistoryEntry.swift in Sources */,
				A44AEA15251FD4F200352E21 /* AutoLayout.swift in Sources */,
				A40859432521301C003BC5CE /* Coremelysis.xcdatamodeld in Sources */,
				F203FD7B2526280900E7C6A3 /* AppDelegate.swift in Sources */,
				A455C2E72514F4F80081B930 /* CoremelysisTabBarController.swift in Sources */,
				A40C88CA2518E6F2001199C6 /* HistorySummaryViewController.swift in Sources */,
				A40C88CC2518EE66001199C6 /* HistorySummaryViewModel.swift in Sources */,
				A480CF4D25110BDD0026586E /* DesignSystem.swift in Sources */,
				A4BD58C924EC9A9F004F38FB /* MainViewModel.swift in Sources */,
				A4F8B95C2513ADD200DE006B /* UIColor.swift in Sources */,
				A408594525213820003BC5CE /* Entry+Extension.swift in Sources */,
				A486C41324F7F6A50085BC58 /* SettingsViewController.swift in Sources */,
				A45E6E2F2517CF64003FB0C9 /* HistoryTableViewCell.swift in Sources */,
				A408594925213882003BC5CE /* CoreDataStack.swift in Sources */,
				A4A8370E25236B6A004D3CBE /* HistoryTableViewCellViewModel.swift in Sources */,
				A44AEA19251FE8DF00352E21 /* UserDefaultsKey.swift in Sources */,
				A44AEA17251FD72700352E21 /* UserDefaults.swift in Sources */,
				A408593F2521235B003BC5CE /* ExternalURL.swift in Sources */,
				F2625D7E24E5FF3200ABBA88 /* MainViewController.swift in Sources */,
				F203FD7C2526280900E7C6A3 /* SceneDelegate.swift in Sources */,
				F271FC3024F6A89900011DD1 /* HistoryViewController.swift in Sources */,
				F2E5B8962524D9E8006E3D6A /* shortcutIntents.intentdefinition in Sources */,
				A486C41524F7F6AF0085BC58 /* SettingsViewModel.swift in Sources */,
				F214C92C24F6AE6700170DA8 /* HistoryViewModel.swift in Sources */,
			);
			runOnlyForDeploymentPostprocessing = 0;
		};
/* End PBXSourcesBuildPhase section */

/* Begin PBXTargetDependency section */
		F23A6AEB251A4A6500A810CC /* PBXTargetDependency */ = {
			isa = PBXTargetDependency;
			target = F23A6AE4251A4A6500A810CC /* CoremelysisIntents */;
			targetProxy = F23A6AEA251A4A6500A810CC /* PBXContainerItemProxy */;
		};
		F25FD18F251FE67000EC470B /* PBXTargetDependency */ = {
			isa = PBXTargetDependency;
			target = F25FD188251FE67000EC470B /* CoremelysisML */;
			targetProxy = F25FD18E251FE67000EC470B /* PBXContainerItemProxy */;
		};
		F2E5B8AF2524E088006E3D6A /* PBXTargetDependency */ = {
			isa = PBXTargetDependency;
			target = F25FD188251FE67000EC470B /* CoremelysisML */;
			targetProxy = F2E5B8AE2524E088006E3D6A /* PBXContainerItemProxy */;
		};
/* End PBXTargetDependency section */

/* Begin PBXVariantGroup section */
		F2625D7424E5FE5500ABBA88 /* LaunchScreen.storyboard */ = {
			isa = PBXVariantGroup;
			children = (
				F2625D7524E5FE5500ABBA88 /* Base */,
			);
			name = LaunchScreen.storyboard;
			sourceTree = "<group>";
		};
/* End PBXVariantGroup section */

/* Begin XCBuildConfiguration section */
		F23A6AEE251A4A6500A810CC /* Debug */ = {
			isa = XCBuildConfiguration;
			buildSettings = {
				CODE_SIGN_ENTITLEMENTS = CoremelysisIntents/CoremelysisIntents.entitlements;
				CODE_SIGN_STYLE = Automatic;
				DEVELOPMENT_TEAM = RAZG7U3SR6;
				INFOPLIST_FILE = CoremelysisIntents/Info.plist;
				IPHONEOS_DEPLOYMENT_TARGET = 13.0;
				LD_RUNPATH_SEARCH_PATHS = (
					"$(inherited)",
					"@executable_path/Frameworks",
					"@executable_path/../../Frameworks",
				);
				PRODUCT_BUNDLE_IDENTIFIER = com.galdineris.Coremelysis.CoremelysisIntents;
				PRODUCT_NAME = "$(TARGET_NAME)";
				SKIP_INSTALL = YES;
				SWIFT_VERSION = 5.0;
				TARGETED_DEVICE_FAMILY = "1,2";
			};
			name = Debug;
		};
		F23A6AEF251A4A6500A810CC /* Release */ = {
			isa = XCBuildConfiguration;
			buildSettings = {
				CODE_SIGN_ENTITLEMENTS = CoremelysisIntents/CoremelysisIntents.entitlements;
				CODE_SIGN_STYLE = Automatic;
				DEVELOPMENT_TEAM = L76X5KFZD9;
				INFOPLIST_FILE = CoremelysisIntents/Info.plist;
				IPHONEOS_DEPLOYMENT_TARGET = 13.0;
				LD_RUNPATH_SEARCH_PATHS = (
					"$(inherited)",
					"@executable_path/Frameworks",
					"@executable_path/../../Frameworks",
				);
				PRODUCT_BUNDLE_IDENTIFIER = com.galdineris.Coremelysis.CoremelysisIntents;
				PRODUCT_NAME = "$(TARGET_NAME)";
				SKIP_INSTALL = YES;
				SWIFT_VERSION = 5.0;
				TARGETED_DEVICE_FAMILY = "1,2";
			};
			name = Release;
		};
		F25FD193251FE67000EC470B /* Debug */ = {
			isa = XCBuildConfiguration;
			buildSettings = {
				APPLICATION_EXTENSION_API_ONLY = YES;
				CODE_SIGN_STYLE = Automatic;
				CURRENT_PROJECT_VERSION = 1;
				DEFINES_MODULE = YES;
				DEVELOPMENT_ASSET_PATHS = "";
				DEVELOPMENT_TEAM = RAZG7U3SR6;
				DYLIB_COMPATIBILITY_VERSION = 1;
				DYLIB_CURRENT_VERSION = 1;
				DYLIB_INSTALL_NAME_BASE = "@rpath";
				INFOPLIST_FILE = CoremelysisML/Info.plist;
				INSTALL_PATH = "$(LOCAL_LIBRARY_DIR)/Frameworks";
				IPHONEOS_DEPLOYMENT_TARGET = 13.0;
				LD_RUNPATH_SEARCH_PATHS = (
					"$(inherited)",
					"@executable_path/Frameworks",
					"@loader_path/Frameworks",
				);
				PRODUCT_BUNDLE_IDENTIFIER = com.galdineris.CoremelysisML;
				PRODUCT_NAME = "$(TARGET_NAME:c99extidentifier)";
				SKIP_INSTALL = YES;
				SUPPORTS_MACCATALYST = NO;
				SWIFT_VERSION = 5.0;
				TARGETED_DEVICE_FAMILY = "1,2";
				VERSIONING_SYSTEM = "apple-generic";
				VERSION_INFO_PREFIX = "";
			};
			name = Debug;
		};
		F25FD194251FE67000EC470B /* Release */ = {
			isa = XCBuildConfiguration;
			buildSettings = {
				APPLICATION_EXTENSION_API_ONLY = YES;
				CODE_SIGN_STYLE = Automatic;
				CURRENT_PROJECT_VERSION = 1;
				DEFINES_MODULE = YES;
				DEVELOPMENT_ASSET_PATHS = "";
				DEVELOPMENT_TEAM = L76X5KFZD9;
				DYLIB_COMPATIBILITY_VERSION = 1;
				DYLIB_CURRENT_VERSION = 1;
				DYLIB_INSTALL_NAME_BASE = "@rpath";
				INFOPLIST_FILE = CoremelysisML/Info.plist;
				INSTALL_PATH = "$(LOCAL_LIBRARY_DIR)/Frameworks";
				IPHONEOS_DEPLOYMENT_TARGET = 13.0;
				LD_RUNPATH_SEARCH_PATHS = (
					"$(inherited)",
					"@executable_path/Frameworks",
					"@loader_path/Frameworks",
				);
				PRODUCT_BUNDLE_IDENTIFIER = com.galdineris.CoremelysisML;
				PRODUCT_NAME = "$(TARGET_NAME:c99extidentifier)";
				SKIP_INSTALL = YES;
				SUPPORTS_MACCATALYST = NO;
				SWIFT_VERSION = 5.0;
				TARGETED_DEVICE_FAMILY = "1,2";
				VERSIONING_SYSTEM = "apple-generic";
				VERSION_INFO_PREFIX = "";
			};
			name = Release;
		};
		F2625D7824E5FE5500ABBA88 /* Debug */ = {
			isa = XCBuildConfiguration;
			buildSettings = {
				ALWAYS_SEARCH_USER_PATHS = NO;
				CLANG_ANALYZER_NONNULL = YES;
				CLANG_ANALYZER_NUMBER_OBJECT_CONVERSION = YES_AGGRESSIVE;
				CLANG_CXX_LANGUAGE_STANDARD = "gnu++14";
				CLANG_CXX_LIBRARY = "libc++";
				CLANG_ENABLE_MODULES = YES;
				CLANG_ENABLE_OBJC_ARC = YES;
				CLANG_ENABLE_OBJC_WEAK = YES;
				CLANG_WARN_BLOCK_CAPTURE_AUTORELEASING = YES;
				CLANG_WARN_BOOL_CONVERSION = YES;
				CLANG_WARN_COMMA = YES;
				CLANG_WARN_CONSTANT_CONVERSION = YES;
				CLANG_WARN_DEPRECATED_OBJC_IMPLEMENTATIONS = YES;
				CLANG_WARN_DIRECT_OBJC_ISA_USAGE = YES_ERROR;
				CLANG_WARN_DOCUMENTATION_COMMENTS = YES;
				CLANG_WARN_EMPTY_BODY = YES;
				CLANG_WARN_ENUM_CONVERSION = YES;
				CLANG_WARN_INFINITE_RECURSION = YES;
				CLANG_WARN_INT_CONVERSION = YES;
				CLANG_WARN_NON_LITERAL_NULL_CONVERSION = YES;
				CLANG_WARN_OBJC_IMPLICIT_RETAIN_SELF = YES;
				CLANG_WARN_OBJC_LITERAL_CONVERSION = YES;
				CLANG_WARN_OBJC_ROOT_CLASS = YES_ERROR;
				CLANG_WARN_QUOTED_INCLUDE_IN_FRAMEWORK_HEADER = YES;
				CLANG_WARN_RANGE_LOOP_ANALYSIS = YES;
				CLANG_WARN_STRICT_PROTOTYPES = YES;
				CLANG_WARN_SUSPICIOUS_MOVE = YES;
				CLANG_WARN_UNGUARDED_AVAILABILITY = YES_AGGRESSIVE;
				CLANG_WARN_UNREACHABLE_CODE = YES;
				CLANG_WARN__DUPLICATE_METHOD_MATCH = YES;
				COPY_PHASE_STRIP = NO;
				DEBUG_INFORMATION_FORMAT = dwarf;
				ENABLE_STRICT_OBJC_MSGSEND = YES;
				ENABLE_TESTABILITY = YES;
				GCC_C_LANGUAGE_STANDARD = gnu11;
				GCC_DYNAMIC_NO_PIC = NO;
				GCC_NO_COMMON_BLOCKS = YES;
				GCC_OPTIMIZATION_LEVEL = 0;
				GCC_PREPROCESSOR_DEFINITIONS = (
					"DEBUG=1",
					"$(inherited)",
				);
				GCC_WARN_64_TO_32_BIT_CONVERSION = YES;
				GCC_WARN_ABOUT_RETURN_TYPE = YES_ERROR;
				GCC_WARN_UNDECLARED_SELECTOR = YES;
				GCC_WARN_UNINITIALIZED_AUTOS = YES_AGGRESSIVE;
				GCC_WARN_UNUSED_FUNCTION = YES;
				GCC_WARN_UNUSED_VARIABLE = YES;
				IPHONEOS_DEPLOYMENT_TARGET = 13.6;
				MTL_ENABLE_DEBUG_INFO = INCLUDE_SOURCE;
				MTL_FAST_MATH = YES;
				ONLY_ACTIVE_ARCH = YES;
				SDKROOT = iphoneos;
				SWIFT_ACTIVE_COMPILATION_CONDITIONS = DEBUG;
				SWIFT_OPTIMIZATION_LEVEL = "-Onone";
			};
			name = Debug;
		};
		F2625D7924E5FE5500ABBA88 /* Release */ = {
			isa = XCBuildConfiguration;
			buildSettings = {
				ALWAYS_SEARCH_USER_PATHS = NO;
				CLANG_ANALYZER_NONNULL = YES;
				CLANG_ANALYZER_NUMBER_OBJECT_CONVERSION = YES_AGGRESSIVE;
				CLANG_CXX_LANGUAGE_STANDARD = "gnu++14";
				CLANG_CXX_LIBRARY = "libc++";
				CLANG_ENABLE_MODULES = YES;
				CLANG_ENABLE_OBJC_ARC = YES;
				CLANG_ENABLE_OBJC_WEAK = YES;
				CLANG_WARN_BLOCK_CAPTURE_AUTORELEASING = YES;
				CLANG_WARN_BOOL_CONVERSION = YES;
				CLANG_WARN_COMMA = YES;
				CLANG_WARN_CONSTANT_CONVERSION = YES;
				CLANG_WARN_DEPRECATED_OBJC_IMPLEMENTATIONS = YES;
				CLANG_WARN_DIRECT_OBJC_ISA_USAGE = YES_ERROR;
				CLANG_WARN_DOCUMENTATION_COMMENTS = YES;
				CLANG_WARN_EMPTY_BODY = YES;
				CLANG_WARN_ENUM_CONVERSION = YES;
				CLANG_WARN_INFINITE_RECURSION = YES;
				CLANG_WARN_INT_CONVERSION = YES;
				CLANG_WARN_NON_LITERAL_NULL_CONVERSION = YES;
				CLANG_WARN_OBJC_IMPLICIT_RETAIN_SELF = YES;
				CLANG_WARN_OBJC_LITERAL_CONVERSION = YES;
				CLANG_WARN_OBJC_ROOT_CLASS = YES_ERROR;
				CLANG_WARN_QUOTED_INCLUDE_IN_FRAMEWORK_HEADER = YES;
				CLANG_WARN_RANGE_LOOP_ANALYSIS = YES;
				CLANG_WARN_STRICT_PROTOTYPES = YES;
				CLANG_WARN_SUSPICIOUS_MOVE = YES;
				CLANG_WARN_UNGUARDED_AVAILABILITY = YES_AGGRESSIVE;
				CLANG_WARN_UNREACHABLE_CODE = YES;
				CLANG_WARN__DUPLICATE_METHOD_MATCH = YES;
				COPY_PHASE_STRIP = NO;
				DEBUG_INFORMATION_FORMAT = "dwarf-with-dsym";
				ENABLE_NS_ASSERTIONS = NO;
				ENABLE_STRICT_OBJC_MSGSEND = YES;
				GCC_C_LANGUAGE_STANDARD = gnu11;
				GCC_NO_COMMON_BLOCKS = YES;
				GCC_WARN_64_TO_32_BIT_CONVERSION = YES;
				GCC_WARN_ABOUT_RETURN_TYPE = YES_ERROR;
				GCC_WARN_UNDECLARED_SELECTOR = YES;
				GCC_WARN_UNINITIALIZED_AUTOS = YES_AGGRESSIVE;
				GCC_WARN_UNUSED_FUNCTION = YES;
				GCC_WARN_UNUSED_VARIABLE = YES;
				IPHONEOS_DEPLOYMENT_TARGET = 13.6;
				MTL_ENABLE_DEBUG_INFO = NO;
				MTL_FAST_MATH = YES;
				SDKROOT = iphoneos;
				SWIFT_COMPILATION_MODE = wholemodule;
				SWIFT_OPTIMIZATION_LEVEL = "-O";
				VALIDATE_PRODUCT = YES;
			};
			name = Release;
		};
		F2625D7B24E5FE5500ABBA88 /* Debug */ = {
			isa = XCBuildConfiguration;
			buildSettings = {
				ALWAYS_EMBED_SWIFT_STANDARD_LIBRARIES = YES;
				ASSETCATALOG_COMPILER_APPICON_NAME = AppIcon;
				CODE_SIGN_ENTITLEMENTS = Coremelysis/Coremelysis.entitlements;
				CODE_SIGN_STYLE = Automatic;
				DEVELOPMENT_ASSET_PATHS = "\"Coremelysis/Preview Content\"";
				DEVELOPMENT_TEAM = RAZG7U3SR6;
				ENABLE_PREVIEWS = YES;
				INFOPLIST_FILE = Coremelysis/Resources/Info.plist;
				IPHONEOS_DEPLOYMENT_TARGET = 13.0;
				LD_RUNPATH_SEARCH_PATHS = (
					"$(inherited)",
					"@executable_path/Frameworks",
				);
				PRODUCT_BUNDLE_IDENTIFIER = com.galdineris.Coremelysis;
				PRODUCT_NAME = "$(TARGET_NAME)";
				SWIFT_VERSION = 5.0;
				TARGETED_DEVICE_FAMILY = "1,2";
			};
			name = Debug;
		};
		F2625D7C24E5FE5500ABBA88 /* Release */ = {
			isa = XCBuildConfiguration;
			buildSettings = {
				ALWAYS_EMBED_SWIFT_STANDARD_LIBRARIES = YES;
				ASSETCATALOG_COMPILER_APPICON_NAME = AppIcon;
				CODE_SIGN_ENTITLEMENTS = Coremelysis/Coremelysis.entitlements;
				CODE_SIGN_STYLE = Automatic;
				DEVELOPMENT_ASSET_PATHS = "\"Coremelysis/Preview Content\"";
				DEVELOPMENT_TEAM = L76X5KFZD9;
				ENABLE_PREVIEWS = YES;
				INFOPLIST_FILE = Coremelysis/Resources/Info.plist;
				IPHONEOS_DEPLOYMENT_TARGET = 13.0;
				LD_RUNPATH_SEARCH_PATHS = (
					"$(inherited)",
					"@executable_path/Frameworks",
				);
				PRODUCT_BUNDLE_IDENTIFIER = com.galdineris.Coremelysis;
				PRODUCT_NAME = "$(TARGET_NAME)";
				SWIFT_VERSION = 5.0;
				TARGETED_DEVICE_FAMILY = "1,2";
			};
			name = Release;
		};
/* End XCBuildConfiguration section */

/* Begin XCConfigurationList section */
		F23A6AF0251A4A6500A810CC /* Build configuration list for PBXNativeTarget "CoremelysisIntents" */ = {
			isa = XCConfigurationList;
			buildConfigurations = (
				F23A6AEE251A4A6500A810CC /* Debug */,
				F23A6AEF251A4A6500A810CC /* Release */,
			);
			defaultConfigurationIsVisible = 0;
			defaultConfigurationName = Release;
		};
		F25FD195251FE67000EC470B /* Build configuration list for PBXNativeTarget "CoremelysisML" */ = {
			isa = XCConfigurationList;
			buildConfigurations = (
				F25FD193251FE67000EC470B /* Debug */,
				F25FD194251FE67000EC470B /* Release */,
			);
			defaultConfigurationIsVisible = 0;
			defaultConfigurationName = Release;
		};
		F2625D6124E5FE5000ABBA88 /* Build configuration list for PBXProject "Coremelysis" */ = {
			isa = XCConfigurationList;
			buildConfigurations = (
				F2625D7824E5FE5500ABBA88 /* Debug */,
				F2625D7924E5FE5500ABBA88 /* Release */,
			);
			defaultConfigurationIsVisible = 0;
			defaultConfigurationName = Release;
		};
		F2625D7A24E5FE5500ABBA88 /* Build configuration list for PBXNativeTarget "Coremelysis" */ = {
			isa = XCConfigurationList;
			buildConfigurations = (
				F2625D7B24E5FE5500ABBA88 /* Debug */,
				F2625D7C24E5FE5500ABBA88 /* Release */,
			);
			defaultConfigurationIsVisible = 0;
			defaultConfigurationName = Release;
		};
/* End XCConfigurationList section */

/* Begin XCVersionGroup section */
		A40859412521301C003BC5CE /* Coremelysis.xcdatamodeld */ = {
			isa = XCVersionGroup;
			children = (
				A40859422521301C003BC5CE /* CoremelysisModel.xcdatamodel */,
			);
			currentVersion = A40859422521301C003BC5CE /* CoremelysisModel.xcdatamodel */;
			path = Coremelysis.xcdatamodeld;
			sourceTree = "<group>";
			versionGroupType = wrapper.xcdatamodel;
		};
/* End XCVersionGroup section */
	};
	rootObject = F2625D5E24E5FE5000ABBA88 /* Project object */;
}
